
Microsoft Visual Studio Solution File, Format Version 12.00
Project("{2150E333-8FDC-42A3-9474-1A3956D46DE8}") = "Solution Items", "Solution Items", "{3BA319DD-F2F7-4113-9406-007A3E69C5FE}"
EndProject
Project("{2150E333-8FDC-42A3-9474-1A3956D46DE8}") = "Porcupine - Robert Mrobo", "Porcupine - Robert Mrobo", "{3DF9EF5D-3A58-452B-9183-F4B6578AB455}"
EndProject
Project("{2150E333-8FDC-42A3-9474-1A3956D46DE8}") = "Porcupine - Robert Mrobo Tests", "Porcupine - Robert Mrobo Tests", "{AEF810C2-8BD8-49BA-94C3-8D5DD7248D7E}"
EndProject
Project("{2150E333-8FDC-42A3-9474-1A3956D46DE8}") = "Backend", "Backend", "{A143A15A-9E21-4260-BC58-EC53C8BEE42C}"
EndProject
Project("{2150E333-8FDC-42A3-9474-1A3956D46DE8}") = "Frontend", "Frontend", "{CEC90969-F2D2-4BAD-863E-097D26A87702}"
EndProject
Project("{2150E333-8FDC-42A3-9474-1A3956D46DE8}") = "Features", "Features", "{7D827649-F7FF-4C9B-9BD3-229F83240623}"
EndProject
Project("{FAE04EC0-301F-11D3-BF4B-00C04F79EFBC}") = "Porcupine.Robert.Mrobo.Api", "Porcupine.Robert.Mrobo.Api\Porcupine.Robert.Mrobo.Api.csproj", "{FA76E708-26AE-4CA0-9AF4-35CDF47B3234}"
EndProject
Project("{2150E333-8FDC-42A3-9474-1A3956D46DE8}") = "IAM", "IAM", "{E6D0B160-DCC9-4119-ACD9-A597B5443431}"
EndProject
Project("{FAE04EC0-301F-11D3-BF4B-00C04F79EFBC}") = "Porcupine.Robert.Mrobo.IAM", "Porcupine.Robert.Mrobo.IAM\Porcupine.Robert.Mrobo.IAM.csproj", "{6AC9FCCE-D280-46C9-9491-8EEB4D3C8CEF}"
EndProject
Project("{2150E333-8FDC-42A3-9474-1A3956D46DE8}") = "Shared", "Shared", "{72CEBD64-5725-4C84-A75D-7452BDAA714B}"
EndProject
Project("{FAE04EC0-301F-11D3-BF4B-00C04F79EFBC}") = "Porcupine.Robert.Mrobo.Shared", "Porcupine.Robert.Mrobo.Shared\Porcupine.Robert.Mrobo.Shared.csproj", "{B78C6ED0-1F51-4058-A3CB-E0D065C09808}"
EndProject
Project("{2150E333-8FDC-42A3-9474-1A3956D46DE8}") = "Features", "Features", "{7BE9424C-9589-4F5D-A12C-63E978D52836}"
EndProject
Project("{FAE04EC0-301F-11D3-BF4B-00C04F79EFBC}") = "Porcupine.Robert.Mrobo.Portal", "Porcupine.Robert.Mrobo.Portal\Porcupine.Robert.Mrobo.Portal.csproj", "{58D9BE00-6605-493B-B494-08EA6864FDA9}"
EndProject
Project("{FAE04EC0-301F-11D3-BF4B-00C04F79EFBC}") = "Porcupine.Robert.Mrobo.Portal.IAM", "Porcupine.Robert.Mrobo.Portal.IAM\Porcupine.Robert.Mrobo.Portal.IAM.csproj", "{3A4EE6F7-D874-4058-8259-A90CC7F756C3}"
EndProject
Global
	GlobalSection(SolutionConfigurationPlatforms) = preSolution
		Debug|Any CPU = Debug|Any CPU
		Release|Any CPU = Release|Any CPU
	EndGlobalSection
	GlobalSection(NestedProjects) = preSolution
		{A143A15A-9E21-4260-BC58-EC53C8BEE42C} = {3DF9EF5D-3A58-452B-9183-F4B6578AB455}
		{CEC90969-F2D2-4BAD-863E-097D26A87702} = {3DF9EF5D-3A58-452B-9183-F4B6578AB455}
		{7D827649-F7FF-4C9B-9BD3-229F83240623} = {A143A15A-9E21-4260-BC58-EC53C8BEE42C}
		{FA76E708-26AE-4CA0-9AF4-35CDF47B3234} = {A143A15A-9E21-4260-BC58-EC53C8BEE42C}
		{E6D0B160-DCC9-4119-ACD9-A597B5443431} = {7D827649-F7FF-4C9B-9BD3-229F83240623}
		{6AC9FCCE-D280-46C9-9491-8EEB4D3C8CEF} = {E6D0B160-DCC9-4119-ACD9-A597B5443431}
		{72CEBD64-5725-4C84-A75D-7452BDAA714B} = {A143A15A-9E21-4260-BC58-EC53C8BEE42C}
		{B78C6ED0-1F51-4058-A3CB-E0D065C09808} = {72CEBD64-5725-4C84-A75D-7452BDAA714B}
		{7BE9424C-9589-4F5D-A12C-63E978D52836} = {CEC90969-F2D2-4BAD-863E-097D26A87702}
		{58D9BE00-6605-493B-B494-08EA6864FDA9} = {CEC90969-F2D2-4BAD-863E-097D26A87702}
		{3A4EE6F7-D874-4058-8259-A90CC7F756C3} = {7BE9424C-9589-4F5D-A12C-63E978D52836}
	EndGlobalSection
	GlobalSection(ProjectConfigurationPlatforms) = postSolution
		{FA76E708-26AE-4CA0-9AF4-35CDF47B3234}.Debug|Any CPU.ActiveCfg = Debug|Any CPU
		{FA76E708-26AE-4CA0-9AF4-35CDF47B3234}.Debug|Any CPU.Build.0 = Debug|Any CPU
		{FA76E708-26AE-4CA0-9AF4-35CDF47B3234}.Release|Any CPU.ActiveCfg = Release|Any CPU
		{FA76E708-26AE-4CA0-9AF4-35CDF47B3234}.Release|Any CPU.Build.0 = Release|Any CPU
		{6AC9FCCE-D280-46C9-9491-8EEB4D3C8CEF}.Debug|Any CPU.ActiveCfg = Debug|Any CPU
		{6AC9FCCE-D280-46C9-9491-8EEB4D3C8CEF}.Debug|Any CPU.Build.0 = Debug|Any CPU
		{6AC9FCCE-D280-46C9-9491-8EEB4D3C8CEF}.Release|Any CPU.ActiveCfg = Release|Any CPU
		{6AC9FCCE-D280-46C9-9491-8EEB4D3C8CEF}.Release|Any CPU.Build.0 = Release|Any CPU
		{B78C6ED0-1F51-4058-A3CB-E0D065C09808}.Debug|Any CPU.ActiveCfg = Debug|Any CPU
		{B78C6ED0-1F51-4058-A3CB-E0D065C09808}.Debug|Any CPU.Build.0 = Debug|Any CPU
		{B78C6ED0-1F51-4058-A3CB-E0D065C09808}.Release|Any CPU.ActiveCfg = Release|Any CPU
		{B78C6ED0-1F51-4058-A3CB-E0D065C09808}.Release|Any CPU.Build.0 = Release|Any CPU
		{58D9BE00-6605-493B-B494-08EA6864FDA9}.Debug|Any CPU.ActiveCfg = Debug|Any CPU
		{58D9BE00-6605-493B-B494-08EA6864FDA9}.Debug|Any CPU.Build.0 = Debug|Any CPU
		{58D9BE00-6605-493B-B494-08EA6864FDA9}.Release|Any CPU.ActiveCfg = Release|Any CPU
		{58D9BE00-6605-493B-B494-08EA6864FDA9}.Release|Any CPU.Build.0 = Release|Any CPU
		{3A4EE6F7-D874-4058-8259-A90CC7F756C3}.Debug|Any CPU.ActiveCfg = Debug|Any CPU
		{3A4EE6F7-D874-4058-8259-A90CC7F756C3}.Debug|Any CPU.Build.0 = Debug|Any CPU
		{3A4EE6F7-D874-4058-8259-A90CC7F756C3}.Release|Any CPU.ActiveCfg = Release|Any CPU
		{3A4EE6F7-D874-4058-8259-A90CC7F756C3}.Release|Any CPU.Build.0 = Release|Any CPU
	EndGlobalSection
EndGlobal
